
Microsoft Visual Studio Solution File, Format Version 12.00
# Visual Studio Version 16
VisualStudioVersion = 16.0.29306.81
MinimumVisualStudioVersion = 10.0.40219.1
Project("{FAE04EC0-301F-11D3-BF4B-00C04F79EFBC}") = "filemanager3", "filemanager3.csproj", "{A0639528-C460-4408-8F69-1B5716788F50}"
EndProject
Project("{2150E333-8FDC-42A3-9474-1A3956D46DE8}") = "Solution Items", "Solution Items", "{B0AE2016-6204-4235-806F-3253962D9142}"
EndProject
Project("{FAE04EC0-301F-11D3-BF4B-00C04F79EFBC}") = "ParentPathTest", "..\UnitTestProject1\ParentPathTest.csproj", "{67748E64-013F-4B68-96EF-C4F56D342127}"
EndProject
Project("{FAE04EC0-301F-11D3-BF4B-00C04F79EFBC}") = "testDivInc", "..\UnitTestProject2\testDivInc.csproj", "{A96E98B1-BE2E-4CFC-825F-E09A98C610D7}"
EndProject
Global
	GlobalSection(SolutionConfigurationPlatforms) = preSolution
		Debug|Any CPU = Debug|Any CPU
		Release|Any CPU = Release|Any CPU
	EndGlobalSection
	GlobalSection(ProjectConfigurationPlatforms) = postSolution
		{A0639528-C460-4408-8F69-1B5716788F50}.Debug|Any CPU.ActiveCfg = Debug|Any CPU
		{A0639528-C460-4408-8F69-1B5716788F50}.Debug|Any CPU.Build.0 = Debug|Any CPU
		{A0639528-C460-4408-8F69-1B5716788F50}.Release|Any CPU.ActiveCfg = Release|Any CPU
		{A0639528-C460-4408-8F69-1B5716788F50}.Release|Any CPU.Build.0 = Release|Any CPU
		{67748E64-013F-4B68-96EF-C4F56D342127}.Debug|Any CPU.ActiveCfg = Debug|Any CPU
		{67748E64-013F-4B68-96EF-C4F56D342127}.Debug|Any CPU.Build.0 = Debug|Any CPU
		{67748E64-013F-4B68-96EF-C4F56D342127}.Release|Any CPU.ActiveCfg = Release|Any CPU
		{67748E64-013F-4B68-96EF-C4F56D342127}.Release|Any CPU.Build.0 = Release|Any CPU
		{A96E98B1-BE2E-4CFC-825F-E09A98C610D7}.Debug|Any CPU.ActiveCfg = Debug|Any CPU
		{A96E98B1-BE2E-4CFC-825F-E09A98C610D7}.Debug|Any CPU.Build.0 = Debug|Any CPU
		{A96E98B1-BE2E-4CFC-825F-E09A98C610D7}.Release|Any CPU.ActiveCfg = Release|Any CPU
		{A96E98B1-BE2E-4CFC-825F-E09A98C610D7}.Release|Any CPU.Build.0 = Release|Any CPU
	EndGlobalSection
	GlobalSection(SolutionProperties) = preSolution
		HideSolutionNode = FALSE
	EndGlobalSection
	GlobalSection(ExtensibilityGlobals) = postSolution
		SolutionGuid = {FA6ED9A4-AE29-4E3B-83B9-614F0C8B7BB2}
	EndGlobalSection
EndGlobal
